
Microsoft Visual Studio Solution File, Format Version 12.00
# Visual Studio Version 16
VisualStudioVersion = 16.0.31515.178
MinimumVisualStudioVersion = 10.0.40219.1
Project("{FAE04EC0-301F-11D3-BF4B-00C04F79EFBC}") = "CodeWars", "CodeWars\CodeWars.csproj", "{1D3C51E4-6294-439C-A9DC-49866855A6A4}"
EndProject
Project("{2150E333-8FDC-42A3-9474-1A3956D46DE8}") = "Solution Items", "Solution Items", "{931EA228-9827-4571-B55B-B4DC5B618F45}"
	ProjectSection(SolutionItems) = preProject
		..\README.md = ..\README.md
	EndProjectSection
EndProject
Global
	GlobalSection(SolutionConfigurationPlatforms) = preSolution
		Debug|Any CPU = Debug|Any CPU
		Release|Any CPU = Release|Any CPU
	EndGlobalSection
	GlobalSection(ProjectConfigurationPlatforms) = postSolution
		{1D3C51E4-6294-439C-A9DC-49866855A6A4}.Debug|Any CPU.ActiveCfg = Debug|Any CPU
		{1D3C51E4-6294-439C-A9DC-49866855A6A4}.Debug|Any CPU.Build.0 = Debug|Any CPU
		{1D3C51E4-6294-439C-A9DC-49866855A6A4}.Release|Any CPU.ActiveCfg = Release|Any CPU
		{1D3C51E4-6294-439C-A9DC-49866855A6A4}.Release|Any CPU.Build.0 = Release|Any CPU
	EndGlobalSection
	GlobalSection(SolutionProperties) = preSolution
		HideSolutionNode = FALSE
	EndGlobalSection
	GlobalSection(ExtensibilityGlobals) = postSolution
		SolutionGuid = {0E6F425E-546D-46C3-B74B-36A92CEDEA00}
	EndGlobalSection
EndGlobal
